
Microsoft Visual Studio Solution File, Format Version 12.00
# Visual Studio Version 16
VisualStudioVersion = 16.0.31205.134
MinimumVisualStudioVersion = 10.0.40219.1
Project("{FAE04EC0-301F-11D3-BF4B-00C04F79EFBC}") = "ConsoleAppLearning", "ConsoleAppLearning\ConsoleAppLearning.csproj", "{DC08ACBE-572F-4569-AA2A-31C4B9BC2752}"
EndProject
Global
	GlobalSection(SolutionConfigurationPlatforms) = preSolution
		Debug|Any CPU = Debug|Any CPU
		Release|Any CPU = Release|Any CPU
	EndGlobalSection
	GlobalSection(ProjectConfigurationPlatforms) = postSolution
		{DC08ACBE-572F-4569-AA2A-31C4B9BC2752}.Debug|Any CPU.ActiveCfg = Debug|Any CPU
		{DC08ACBE-572F-4569-AA2A-31C4B9BC2752}.Debug|Any CPU.Build.0 = Debug|Any CPU
		{DC08ACBE-572F-4569-AA2A-31C4B9BC2752}.Release|Any CPU.ActiveCfg = Release|Any CPU
		{DC08ACBE-572F-4569-AA2A-31C4B9BC2752}.Release|Any CPU.Build.0 = Release|Any CPU
	EndGlobalSection
	GlobalSection(SolutionProperties) = preSolution
		HideSolutionNode = FALSE
	EndGlobalSection
	GlobalSection(ExtensibilityGlobals) = postSolution
		SolutionGuid = {C400DF09-4CF5-4C9A-B76F-1B0F7E622453}
	EndGlobalSection
EndGlobal
