
Microsoft Visual Studio Solution File, Format Version 12.00
# Visual Studio Version 16
VisualStudioVersion = 16.0.31205.134
MinimumVisualStudioVersion = 10.0.40219.1
Project("{FAE04EC0-301F-11D3-BF4B-00C04F79EFBC}") = "WebApplication_MyProject_Tutorial", "WebApplication_MyProject_Tutorial\WebApplication_MyProject_Tutorial.csproj", "{0E1C045D-A061-4193-B3A6-66836E90709E}"
EndProject
Global
	GlobalSection(SolutionConfigurationPlatforms) = preSolution
		Debug|Any CPU = Debug|Any CPU
		Release|Any CPU = Release|Any CPU
	EndGlobalSection
	GlobalSection(ProjectConfigurationPlatforms) = postSolution
		{0E1C045D-A061-4193-B3A6-66836E90709E}.Debug|Any CPU.ActiveCfg = Debug|Any CPU
		{0E1C045D-A061-4193-B3A6-66836E90709E}.Debug|Any CPU.Build.0 = Debug|Any CPU
		{0E1C045D-A061-4193-B3A6-66836E90709E}.Release|Any CPU.ActiveCfg = Release|Any CPU
		{0E1C045D-A061-4193-B3A6-66836E90709E}.Release|Any CPU.Build.0 = Release|Any CPU
	EndGlobalSection
	GlobalSection(SolutionProperties) = preSolution
		HideSolutionNode = FALSE
	EndGlobalSection
	GlobalSection(ExtensibilityGlobals) = postSolution
		SolutionGuid = {EA331245-DE93-46D1-AC86-BA02CFF3DD9B}
	EndGlobalSection
EndGlobal
