
Microsoft Visual Studio Solution File, Format Version 12.00
# Visual Studio Version 16
VisualStudioVersion = 16.0.31205.134
MinimumVisualStudioVersion = 10.0.40219.1
Project("{FAE04EC0-301F-11D3-BF4B-00C04F79EFBC}") = "WebApplication_Blog", "WebApplication_Blog\WebApplication_Blog.csproj", "{BDD8F365-3BD7-4686-A875-87877CE2A468}"
EndProject
Global
	GlobalSection(SolutionConfigurationPlatforms) = preSolution
		Debug|Any CPU = Debug|Any CPU
		Release|Any CPU = Release|Any CPU
	EndGlobalSection
	GlobalSection(ProjectConfigurationPlatforms) = postSolution
		{BDD8F365-3BD7-4686-A875-87877CE2A468}.Debug|Any CPU.ActiveCfg = Debug|Any CPU
		{BDD8F365-3BD7-4686-A875-87877CE2A468}.Debug|Any CPU.Build.0 = Debug|Any CPU
		{BDD8F365-3BD7-4686-A875-87877CE2A468}.Release|Any CPU.ActiveCfg = Release|Any CPU
		{BDD8F365-3BD7-4686-A875-87877CE2A468}.Release|Any CPU.Build.0 = Release|Any CPU
	EndGlobalSection
	GlobalSection(SolutionProperties) = preSolution
		HideSolutionNode = FALSE
	EndGlobalSection
	GlobalSection(ExtensibilityGlobals) = postSolution
		SolutionGuid = {F7349053-263D-4E5A-8C4B-F0748DB7EB27}
	EndGlobalSection
EndGlobal
